// !$*UTF8*$!
{
	archiveVersion = 1;
	classes = {
	};
	objectVersion = 46;
	objects = {

/* Begin PBXBuildFile section */
		9360452A14BCBD8AD27F80BD /* Pods_Chin_Dictionary.framework in Frameworks */ = {isa = PBXBuildFile; fileRef = 7488F6CB5D1FFD3A4E85D099 /* Pods_Chin_Dictionary.framework */; };
		B222F1E81DAA30330089573D /* AppDelegate.swift in Sources */ = {isa = PBXBuildFile; fileRef = B222F1E71DAA30330089573D /* AppDelegate.swift */; };
		B222F1EA1DAA30330089573D /* ViewController.swift in Sources */ = {isa = PBXBuildFile; fileRef = B222F1E91DAA30330089573D /* ViewController.swift */; };
		B222F1ED1DAA30330089573D /* Main.storyboard in Resources */ = {isa = PBXBuildFile; fileRef = B222F1EB1DAA30330089573D /* Main.storyboard */; };
		B222F1EF1DAA30330089573D /* Assets.xcassets in Resources */ = {isa = PBXBuildFile; fileRef = B222F1EE1DAA30330089573D /* Assets.xcassets */; };
		B222F1F21DAA30330089573D /* LaunchScreen.storyboard in Resources */ = {isa = PBXBuildFile; fileRef = B222F1F01DAA30330089573D /* LaunchScreen.storyboard */; };
		B222F2181DAA33DA0089573D /* SWRevealViewController.m in Sources */ = {isa = PBXBuildFile; fileRef = B222F2171DAA33DA0089573D /* SWRevealViewController.m */; };
		B222F21A1DAA354D0089573D /* menuViewController.swift in Sources */ = {isa = PBXBuildFile; fileRef = B222F2191DAA354D0089573D /* menuViewController.swift */; };
		B222F21C1DAA36070089573D /* MenuCell.swift in Sources */ = {isa = PBXBuildFile; fileRef = B222F21B1DAA36070089573D /* MenuCell.swift */; };
		D53159CBF7EB6102F4DDD3D2 /* Realm in Frameworks */ = {isa = PBXBuildFile; fileRef = F2F8DC06295168F357FE9846 /* Realm */; settings = {ATTRIBUTES = (Required, ); }; };
		DB0A6DF122A2EA16002A900B /* Data.swift in Sources */ = {isa = PBXBuildFile; fileRef = DB0A6DF022A2EA16002A900B /* Data.swift */; };
		DB0A6DF722A4D366002A900B /* recentSearch.swift in Sources */ = {isa = PBXBuildFile; fileRef = DB0A6DF622A4D366002A900B /* recentSearch.swift */; };
		DB42CB2522EFED8200D60311 /* wordOfTheDay.swift in Sources */ = {isa = PBXBuildFile; fileRef = DB42CB2422EFED8200D60311 /* wordOfTheDay.swift */; };
		DB42CB2722F25E3100D60311 /* NotificationPublisher.swift in Sources */ = {isa = PBXBuildFile; fileRef = DB42CB2622F25E3100D60311 /* NotificationPublisher.swift */; };
		DB45B17722F76DEB00EC05C1 /* DailyWordTableViewController.swift in Sources */ = {isa = PBXBuildFile; fileRef = DB45B17622F76DEB00EC05C1 /* DailyWordTableViewController.swift */; };
		DB6311F522D291E400525B2C /* Favorite.swift in Sources */ = {isa = PBXBuildFile; fileRef = DB6311F422D291E400525B2C /* Favorite.swift */; };
		DB6311F722D2927900525B2C /* FavoriteTableViewController.swift in Sources */ = {isa = PBXBuildFile; fileRef = DB6311F622D2927800525B2C /* FavoriteTableViewController.swift */; };
		DB73EBDE227AA1EC00DEC4EE /* MainViewController.swift in Sources */ = {isa = PBXBuildFile; fileRef = DB73EBDD227AA1EC00DEC4EE /* MainViewController.swift */; };
		DB7DE0552314E5640063997B /* StoreKit.framework in Frameworks */ = {isa = PBXBuildFile; fileRef = DB7DE0542314E5640063997B /* StoreKit.framework */; };
		DB86236522A8B7B4005D7FF2 /* RecentTableViewController.swift in Sources */ = {isa = PBXBuildFile; fileRef = DB86236422A8B7B4005D7FF2 /* RecentTableViewController.swift */; };
		DB8CE07522C06E780034CEFC /* DetailsViewController.swift in Sources */ = {isa = PBXBuildFile; fileRef = DB8CE07422C06E780034CEFC /* DetailsViewController.swift */; };
		DBA5897D231603F100ED1FAC /* default.realm in Resources */ = {isa = PBXBuildFile; fileRef = DBA5897C231603F100ED1FAC /* default.realm */; };
		DBA5898123164D0A00ED1FAC /* QuizViewController.swift in Sources */ = {isa = PBXBuildFile; fileRef = DBA5898023164D0A00ED1FAC /* QuizViewController.swift */; };
		DBA5898523165A7100ED1FAC /* ProgressHUD.m in Sources */ = {isa = PBXBuildFile; fileRef = DBA5898323165A7100ED1FAC /* ProgressHUD.m */; };
		DBA5898623165A7100ED1FAC /* ProgressHUD.bundle in Resources */ = {isa = PBXBuildFile; fileRef = DBA5898423165A7100ED1FAC /* ProgressHUD.bundle */; };
		DBBE3BF4229C869100F48DE6 /* SettingViewController.swift in Sources */ = {isa = PBXBuildFile; fileRef = DBBE3BF3229C869100F48DE6 /* SettingViewController.swift */; };
		DBBE3BF6229C967D00F48DE6 /* SearchViewController.swift in Sources */ = {isa = PBXBuildFile; fileRef = DBBE3BF5229C967D00F48DE6 /* SearchViewController.swift */; };
/* End PBXBuildFile section */

/* Begin PBXFileReference section */
		0E39A672609D6332686158B8 /* Pods-Chin_Dictionary.release.xcconfig */ = {isa = PBXFileReference; includeInIndex = 1; lastKnownFileType = text.xcconfig; name = "Pods-Chin_Dictionary.release.xcconfig"; path = "Target Support Files/Pods-Chin_Dictionary/Pods-Chin_Dictionary.release.xcconfig"; sourceTree = "<group>"; };
		7488F6CB5D1FFD3A4E85D099 /* Pods_Chin_Dictionary.framework */ = {isa = PBXFileReference; explicitFileType = wrapper.framework; includeInIndex = 0; path = Pods_Chin_Dictionary.framework; sourceTree = BUILT_PRODUCTS_DIR; };
		9B0549197A5030604FB970C6 /* Pods-Chin_Dictionary.debug.xcconfig */ = {isa = PBXFileReference; includeInIndex = 1; lastKnownFileType = text.xcconfig; name = "Pods-Chin_Dictionary.debug.xcconfig"; path = "Target Support Files/Pods-Chin_Dictionary/Pods-Chin_Dictionary.debug.xcconfig"; sourceTree = "<group>"; };
		B222F1E41DAA30330089573D /* Chin_Dictionary.app */ = {isa = PBXFileReference; explicitFileType = wrapper.application; includeInIndex = 0; path = Chin_Dictionary.app; sourceTree = BUILT_PRODUCTS_DIR; };
		B222F1E71DAA30330089573D /* AppDelegate.swift */ = {isa = PBXFileReference; lastKnownFileType = sourcecode.swift; path = AppDelegate.swift; sourceTree = "<group>"; };
		B222F1E91DAA30330089573D /* ViewController.swift */ = {isa = PBXFileReference; lastKnownFileType = sourcecode.swift; path = ViewController.swift; sourceTree = "<group>"; };
		B222F1EC1DAA30330089573D /* Base */ = {isa = PBXFileReference; lastKnownFileType = file.storyboard; name = Base; path = Base.lproj/Main.storyboard; sourceTree = "<group>"; };
		B222F1EE1DAA30330089573D /* Assets.xcassets */ = {isa = PBXFileReference; lastKnownFileType = folder.assetcatalog; path = Assets.xcassets; sourceTree = "<group>"; };
		B222F1F11DAA30330089573D /* Base */ = {isa = PBXFileReference; lastKnownFileType = file.storyboard; name = Base; path = Base.lproj/LaunchScreen.storyboard; sourceTree = "<group>"; };
		B222F1F31DAA30330089573D /* Info.plist */ = {isa = PBXFileReference; lastKnownFileType = text.plist.xml; path = Info.plist; sourceTree = "<group>"; };
		B222F2151DAA33D90089573D /* Chin_Dictionary-Bridging-Header.h */ = {isa = PBXFileReference; lastKnownFileType = sourcecode.c.h; path = "Chin_Dictionary-Bridging-Header.h"; sourceTree = "<group>"; };
		B222F2161DAA33DA0089573D /* SWRevealViewController.h */ = {isa = PBXFileReference; fileEncoding = 4; lastKnownFileType = sourcecode.c.h; path = SWRevealViewController.h; sourceTree = "<group>"; };
		B222F2171DAA33DA0089573D /* SWRevealViewController.m */ = {isa = PBXFileReference; fileEncoding = 4; lastKnownFileType = sourcecode.c.objc; path = SWRevealViewController.m; sourceTree = "<group>"; };
		B222F2191DAA354D0089573D /* menuViewController.swift */ = {isa = PBXFileReference; fileEncoding = 4; lastKnownFileType = sourcecode.swift; path = menuViewController.swift; sourceTree = "<group>"; };
		B222F21B1DAA36070089573D /* MenuCell.swift */ = {isa = PBXFileReference; fileEncoding = 4; lastKnownFileType = sourcecode.swift; path = MenuCell.swift; sourceTree = "<group>"; };
		DB0A6DF022A2EA16002A900B /* Data.swift */ = {isa = PBXFileReference; lastKnownFileType = sourcecode.swift; path = Data.swift; sourceTree = "<group>"; };
		DB0A6DF622A4D366002A900B /* recentSearch.swift */ = {isa = PBXFileReference; lastKnownFileType = sourcecode.swift; path = recentSearch.swift; sourceTree = "<group>"; };
		DB42CB2422EFED8200D60311 /* wordOfTheDay.swift */ = {isa = PBXFileReference; lastKnownFileType = sourcecode.swift; path = wordOfTheDay.swift; sourceTree = "<group>"; };
		DB42CB2622F25E3100D60311 /* NotificationPublisher.swift */ = {isa = PBXFileReference; lastKnownFileType = sourcecode.swift; path = NotificationPublisher.swift; sourceTree = "<group>"; };
		DB45B17622F76DEB00EC05C1 /* DailyWordTableViewController.swift */ = {isa = PBXFileReference; lastKnownFileType = sourcecode.swift; path = DailyWordTableViewController.swift; sourceTree = "<group>"; };
		DB6311F422D291E400525B2C /* Favorite.swift */ = {isa = PBXFileReference; lastKnownFileType = sourcecode.swift; path = Favorite.swift; sourceTree = "<group>"; };
		DB6311F622D2927800525B2C /* FavoriteTableViewController.swift */ = {isa = PBXFileReference; lastKnownFileType = sourcecode.swift; path = FavoriteTableViewController.swift; sourceTree = "<group>"; };
		DB73EBDD227AA1EC00DEC4EE /* MainViewController.swift */ = {isa = PBXFileReference; lastKnownFileType = sourcecode.swift; path = MainViewController.swift; sourceTree = "<group>"; };
		DB7DE0542314E5640063997B /* StoreKit.framework */ = {isa = PBXFileReference; lastKnownFileType = wrapper.framework; name = StoreKit.framework; path = System/Library/Frameworks/StoreKit.framework; sourceTree = SDKROOT; };
		DB86236422A8B7B4005D7FF2 /* RecentTableViewController.swift */ = {isa = PBXFileReference; lastKnownFileType = sourcecode.swift; path = RecentTableViewController.swift; sourceTree = "<group>"; };
		DB8CE07422C06E780034CEFC /* DetailsViewController.swift */ = {isa = PBXFileReference; lastKnownFileType = sourcecode.swift; path = DetailsViewController.swift; sourceTree = "<group>"; };
		DBA5897C231603F100ED1FAC /* default.realm */ = {isa = PBXFileReference; lastKnownFileType = file; name = default.realm; path = ../../default.realm; sourceTree = "<group>"; };
		DBA5898023164D0A00ED1FAC /* QuizViewController.swift */ = {isa = PBXFileReference; lastKnownFileType = sourcecode.swift; path = QuizViewController.swift; sourceTree = "<group>"; };
		DBA5898223165A7100ED1FAC /* ProgressHUD.h */ = {isa = PBXFileReference; fileEncoding = 4; lastKnownFileType = sourcecode.c.h; name = ProgressHUD.h; path = ../../../Desktop/ProgressHUD.h; sourceTree = "<group>"; };
		DBA5898323165A7100ED1FAC /* ProgressHUD.m */ = {isa = PBXFileReference; fileEncoding = 4; lastKnownFileType = sourcecode.c.objc; name = ProgressHUD.m; path = ../../../Desktop/ProgressHUD.m; sourceTree = "<group>"; };
		DBA5898423165A7100ED1FAC /* ProgressHUD.bundle */ = {isa = PBXFileReference; lastKnownFileType = "wrapper.plug-in"; name = ProgressHUD.bundle; path = ../../../Desktop/ProgressHUD.bundle; sourceTree = "<group>"; };
		DBBE3BF3229C869100F48DE6 /* SettingViewController.swift */ = {isa = PBXFileReference; lastKnownFileType = sourcecode.swift; path = SettingViewController.swift; sourceTree = "<group>"; };
		DBBE3BF5229C967D00F48DE6 /* SearchViewController.swift */ = {isa = PBXFileReference; lastKnownFileType = sourcecode.swift; path = SearchViewController.swift; sourceTree = "<group>"; };
		F2F8DC06295168F357FE9846 /* Realm */ = {isa = PBXFileReference; explicitFileType = wrapper.framework; includeInIndex = 0; name = Realm; path = ../../../../../../../../Downloads/Chin_Dictionary/Pods/Realm/Realm; sourceTree = BUILT_PRODUCTS_DIR; };
/* End PBXFileReference section */

/* Begin PBXFrameworksBuildPhase section */
		B222F1E11DAA30320089573D /* Frameworks */ = {
			isa = PBXFrameworksBuildPhase;
			buildActionMask = 2147483647;
			files = (
				DB7DE0552314E5640063997B /* StoreKit.framework in Frameworks */,
				D53159CBF7EB6102F4DDD3D2 /* Realm in Frameworks */,
				9360452A14BCBD8AD27F80BD /* Pods_Chin_Dictionary.framework in Frameworks */,
			);
			runOnlyForDeploymentPostprocessing = 0;
		};
/* End PBXFrameworksBuildPhase section */

/* Begin PBXGroup section */
		2EBA751F3C486DE151270F57 /* Pods */ = {
			isa = PBXGroup;
			children = (
				9B0549197A5030604FB970C6 /* Pods-Chin_Dictionary.debug.xcconfig */,
				0E39A672609D6332686158B8 /* Pods-Chin_Dictionary.release.xcconfig */,
			);
			path = Pods;
			sourceTree = "<group>";
		};
		79351D3DB003D3CF09AC01A4 /* Frameworks */ = {
			isa = PBXGroup;
			children = (
				DB7DE0542314E5640063997B /* StoreKit.framework */,
				F2F8DC06295168F357FE9846 /* Realm */,
				7488F6CB5D1FFD3A4E85D099 /* Pods_Chin_Dictionary.framework */,
			);
			name = Frameworks;
			sourceTree = "<group>";
		};
		B222F1DB1DAA30320089573D = {
			isa = PBXGroup;
			children = (
				B222F1E61DAA30330089573D /* Chin_Dictionary */,
				B222F1E51DAA30330089573D /* Products */,
				2EBA751F3C486DE151270F57 /* Pods */,
				79351D3DB003D3CF09AC01A4 /* Frameworks */,
			);
			sourceTree = "<group>";
		};
		B222F1E51DAA30330089573D /* Products */ = {
			isa = PBXGroup;
			children = (
				B222F1E41DAA30330089573D /* Chin_Dictionary.app */,
			);
			name = Products;
			sourceTree = "<group>";
		};
		B222F1E61DAA30330089573D /* Chin_Dictionary */ = {
			isa = PBXGroup;
			children = (
				DBA5897C231603F100ED1FAC /* default.realm */,
				B222F1E71DAA30330089573D /* AppDelegate.swift */,
				DB42CB2622F25E3100D60311 /* NotificationPublisher.swift */,
				DB0A6DF022A2EA16002A900B /* Data.swift */,
				DB0A6DF622A4D366002A900B /* recentSearch.swift */,
				DB42CB2422EFED8200D60311 /* wordOfTheDay.swift */,
				DB6311F422D291E400525B2C /* Favorite.swift */,
				DBA5898023164D0A00ED1FAC /* QuizViewController.swift */,
				B222F2161DAA33DA0089573D /* SWRevealViewController.h */,
				B222F2171DAA33DA0089573D /* SWRevealViewController.m */,
				B222F1E91DAA30330089573D /* ViewController.swift */,
				DB86236422A8B7B4005D7FF2 /* RecentTableViewController.swift */,
				DB6311F622D2927800525B2C /* FavoriteTableViewController.swift */,
				DB45B17622F76DEB00EC05C1 /* DailyWordTableViewController.swift */,
				DB8CE07422C06E780034CEFC /* DetailsViewController.swift */,
				DBBE3BF3229C869100F48DE6 /* SettingViewController.swift */,
				DBBE3BF5229C967D00F48DE6 /* SearchViewController.swift */,
				B222F1EB1DAA30330089573D /* Main.storyboard */,
				DB73EBDD227AA1EC00DEC4EE /* MainViewController.swift */,
				B222F21B1DAA36070089573D /* MenuCell.swift */,
				B222F1EE1DAA30330089573D /* Assets.xcassets */,
				B222F1F01DAA30330089573D /* LaunchScreen.storyboard */,
				B222F1F31DAA30330089573D /* Info.plist */,
				B222F2151DAA33D90089573D /* Chin_Dictionary-Bridging-Header.h */,
				B222F2191DAA354D0089573D /* menuViewController.swift */,
				DBA5898423165A7100ED1FAC /* ProgressHUD.bundle */,
				DBA5898223165A7100ED1FAC /* ProgressHUD.h */,
				DBA5898323165A7100ED1FAC /* ProgressHUD.m */,
			);
			path = Chin_Dictionary;
			sourceTree = "<group>";
		};
/* End PBXGroup section */

/* Begin PBXNativeTarget section */
		B222F1E31DAA30320089573D /* Chin_Dictionary */ = {
			isa = PBXNativeTarget;
			buildConfigurationList = B222F20C1DAA30330089573D /* Build configuration list for PBXNativeTarget "Chin_Dictionary" */;
			buildPhases = (
				C49CB9DC0CB50AECDE1562F8 /* [CP] Check Pods Manifest.lock */,
				B222F1E01DAA30320089573D /* Sources */,
				B222F1E11DAA30320089573D /* Frameworks */,
				B222F1E21DAA30320089573D /* Resources */,
				0245A508692E90D39293F6B2 /* [CP] Embed Pods Frameworks */,
			);
			buildRules = (
			);
			dependencies = (
			);
			name = Chin_Dictionary;
			productName = Chin_Dictionary;
			productReference = B222F1E41DAA30330089573D /* Chin_Dictionary.app */;
			productType = "com.apple.product-type.application";
		};
/* End PBXNativeTarget section */

/* Begin PBXProject section */
		B222F1DC1DAA30320089573D /* Project object */ = {
			isa = PBXProject;
			attributes = {
				LastSwiftUpdateCheck = 0800;
				LastUpgradeCheck = 1020;
				ORGANIZATIONNAME = "Chin Community USA";
				TargetAttributes = {
					B222F1E31DAA30320089573D = {
						CreatedOnToolsVersion = 8.0;
						DevelopmentTeam = 9WTS5XC9M4;
						LastSwiftMigration = 1020;
						ProvisioningStyle = Automatic;
						SystemCapabilities = {
							com.apple.InAppPurchase = {
								enabled = 1;
							};
						};
					};
				};
			};
			buildConfigurationList = B222F1DF1DAA30320089573D /* Build configuration list for PBXProject "Chin_Dictionary" */;
			compatibilityVersion = "Xcode 3.2";
			developmentRegion = en;
			hasScannedForEncodings = 0;
			knownRegions = (
				en,
				Base,
			);
			mainGroup = B222F1DB1DAA30320089573D;
			productRefGroup = B222F1E51DAA30330089573D /* Products */;
			projectDirPath = "";
			projectRoot = "";
			targets = (
				B222F1E31DAA30320089573D /* Chin_Dictionary */,
			);
		};
/* End PBXProject section */

/* Begin PBXResourcesBuildPhase section */
		B222F1E21DAA30320089573D /* Resources */ = {
			isa = PBXResourcesBuildPhase;
			buildActionMask = 2147483647;
			files = (
				B222F1F21DAA30330089573D /* LaunchScreen.storyboard in Resources */,
				DBA5897D231603F100ED1FAC /* default.realm in Resources */,
				B222F1EF1DAA30330089573D /* Assets.xcassets in Resources */,
				DBA5898623165A7100ED1FAC /* ProgressHUD.bundle in Resources */,
				B222F1ED1DAA30330089573D /* Main.storyboard in Resources */,
			);
			runOnlyForDeploymentPostprocessing = 0;
		};
/* End PBXResourcesBuildPhase section */

/* Begin PBXShellScriptBuildPhase section */
		0245A508692E90D39293F6B2 /* [CP] Embed Pods Frameworks */ = {
			isa = PBXShellScriptBuildPhase;
			buildActionMask = 2147483647;
			files = (
			);
			inputFileListPaths = (
			);
			inputPaths = (
				"${PODS_ROOT}/Target Support Files/Pods-Chin_Dictionary/Pods-Chin_Dictionary-frameworks.sh",
				"${BUILT_PRODUCTS_DIR}/Alamofire/Alamofire.framework",
				"${BUILT_PRODUCTS_DIR}/FaveButton/FaveButton.framework",
				"${BUILT_PRODUCTS_DIR}/Realm/Realm.framework",
				"${BUILT_PRODUCTS_DIR}/RealmSwift/RealmSwift.framework",
				"${BUILT_PRODUCTS_DIR}/SwiftyJSON/SwiftyJSON.framework",
				"${BUILT_PRODUCTS_DIR}/SwipeCellKit/SwipeCellKit.framework",
			);
			name = "[CP] Embed Pods Frameworks";
			outputFileListPaths = (
			);
			outputPaths = (
				"${TARGET_BUILD_DIR}/${FRAMEWORKS_FOLDER_PATH}/Alamofire.framework",
				"${TARGET_BUILD_DIR}/${FRAMEWORKS_FOLDER_PATH}/FaveButton.framework",
				"${TARGET_BUILD_DIR}/${FRAMEWORKS_FOLDER_PATH}/Realm.framework",
				"${TARGET_BUILD_DIR}/${FRAMEWORKS_FOLDER_PATH}/RealmSwift.framework",
				"${TARGET_BUILD_DIR}/${FRAMEWORKS_FOLDER_PATH}/SwiftyJSON.framework",
				"${TARGET_BUILD_DIR}/${FRAMEWORKS_FOLDER_PATH}/SwipeCellKit.framework",
			);
			runOnlyForDeploymentPostprocessing = 0;
			shellPath = /bin/sh;
			shellScript = "\"${PODS_ROOT}/Target Support Files/Pods-Chin_Dictionary/Pods-Chin_Dictionary-frameworks.sh\"\n";
			showEnvVarsInLog = 0;
		};
		C49CB9DC0CB50AECDE1562F8 /* [CP] Check Pods Manifest.lock */ = {
			isa = PBXShellScriptBuildPhase;
			buildActionMask = 2147483647;
			files = (
			);
			inputFileListPaths = (
			);
			inputPaths = (
				"${PODS_PODFILE_DIR_PATH}/Podfile.lock",
				"${PODS_ROOT}/Manifest.lock",
			);
			name = "[CP] Check Pods Manifest.lock";
			outputFileListPaths = (
			);
			outputPaths = (
				"$(DERIVED_FILE_DIR)/Pods-Chin_Dictionary-checkManifestLockResult.txt",
			);
			runOnlyForDeploymentPostprocessing = 0;
			shellPath = /bin/sh;
			shellScript = "diff \"${PODS_PODFILE_DIR_PATH}/Podfile.lock\" \"${PODS_ROOT}/Manifest.lock\" > /dev/null\nif [ $? != 0 ] ; then\n    # print error to STDERR\n    echo \"error: The sandbox is not in sync with the Podfile.lock. Run 'pod install' or update your CocoaPods installation.\" >&2\n    exit 1\nfi\n# This output is used by Xcode 'outputs' to avoid re-running this script phase.\necho \"SUCCESS\" > \"${SCRIPT_OUTPUT_FILE_0}\"\n";
			showEnvVarsInLog = 0;
		};
/* End PBXShellScriptBuildPhase section */

/* Begin PBXSourcesBuildPhase section */
		B222F1E01DAA30320089573D /* Sources */ = {
			isa = PBXSourcesBuildPhase;
			buildActionMask = 2147483647;
			files = (
				DB6311F522D291E400525B2C /* Favorite.swift in Sources */,
				DBBE3BF6229C967D00F48DE6 /* SearchViewController.swift in Sources */,
				DB42CB2522EFED8200D60311 /* wordOfTheDay.swift in Sources */,
				B222F1EA1DAA30330089573D /* ViewController.swift in Sources */,
				B222F21C1DAA36070089573D /* MenuCell.swift in Sources */,
				B222F1E81DAA30330089573D /* AppDelegate.swift in Sources */,
				DB0A6DF122A2EA16002A900B /* Data.swift in Sources */,
				DB86236522A8B7B4005D7FF2 /* RecentTableViewController.swift in Sources */,
				B222F2181DAA33DA0089573D /* SWRevealViewController.m in Sources */,
				DB6311F722D2927900525B2C /* FavoriteTableViewController.swift in Sources */,
				DBA5898523165A7100ED1FAC /* ProgressHUD.m in Sources */,
				DB45B17722F76DEB00EC05C1 /* DailyWordTableViewController.swift in Sources */,
				DBBE3BF4229C869100F48DE6 /* SettingViewController.swift in Sources */,
				DB42CB2722F25E3100D60311 /* NotificationPublisher.swift in Sources */,
				DB0A6DF722A4D366002A900B /* recentSearch.swift in Sources */,
				DB8CE07522C06E780034CEFC /* DetailsViewController.swift in Sources */,
				DBA5898123164D0A00ED1FAC /* QuizViewController.swift in Sources */,
				B222F21A1DAA354D0089573D /* menuViewController.swift in Sources */,
				DB73EBDE227AA1EC00DEC4EE /* MainViewController.swift in Sources */,
			);
			runOnlyForDeploymentPostprocessing = 0;
		};
/* End PBXSourcesBuildPhase section */

/* Begin PBXVariantGroup section */
		B222F1EB1DAA30330089573D /* Main.storyboard */ = {
			isa = PBXVariantGroup;
			children = (
				B222F1EC1DAA30330089573D /* Base */,
			);
			name = Main.storyboard;
			sourceTree = "<group>";
		};
		B222F1F01DAA30330089573D /* LaunchScreen.storyboard */ = {
			isa = PBXVariantGroup;
			children = (
				B222F1F11DAA30330089573D /* Base */,
			);
			name = LaunchScreen.storyboard;
			sourceTree = "<group>";
		};
/* End PBXVariantGroup section */

/* Begin XCBuildConfiguration section */
		B222F20A1DAA30330089573D /* Debug */ = {
			isa = XCBuildConfiguration;
			buildSettings = {
				ALWAYS_SEARCH_USER_PATHS = NO;
				CLANG_ANALYZER_LOCALIZABILITY_NONLOCALIZED = YES;
				CLANG_ANALYZER_NONNULL = YES;
				CLANG_CXX_LANGUAGE_STANDARD = "gnu++0x";
				CLANG_CXX_LIBRARY = "libc++";
				CLANG_ENABLE_MODULES = YES;
				CLANG_ENABLE_OBJC_ARC = YES;
				CLANG_WARN_BLOCK_CAPTURE_AUTORELEASING = YES;
				CLANG_WARN_BOOL_CONVERSION = YES;
				CLANG_WARN_COMMA = YES;
				CLANG_WARN_CONSTANT_CONVERSION = YES;
				CLANG_WARN_DEPRECATED_OBJC_IMPLEMENTATIONS = YES;
				CLANG_WARN_DIRECT_OBJC_ISA_USAGE = YES_ERROR;
				CLANG_WARN_DOCUMENTATION_COMMENTS = YES;
				CLANG_WARN_EMPTY_BODY = YES;
				CLANG_WARN_ENUM_CONVERSION = YES;
				CLANG_WARN_INFINITE_RECURSION = YES;
				CLANG_WARN_INT_CONVERSION = YES;
				CLANG_WARN_NON_LITERAL_NULL_CONVERSION = YES;
				CLANG_WARN_OBJC_IMPLICIT_RETAIN_SELF = YES;
				CLANG_WARN_OBJC_LITERAL_CONVERSION = YES;
				CLANG_WARN_OBJC_ROOT_CLASS = YES_ERROR;
				CLANG_WARN_RANGE_LOOP_ANALYSIS = YES;
				CLANG_WARN_STRICT_PROTOTYPES = YES;
				CLANG_WARN_SUSPICIOUS_MOVE = YES;
				CLANG_WARN_SUSPICIOUS_MOVES = YES;
				CLANG_WARN_UNREACHABLE_CODE = YES;
				CLANG_WARN__DUPLICATE_METHOD_MATCH = YES;
				"CODE_SIGN_IDENTITY[sdk=iphoneos*]" = "iPhone Developer";
				COPY_PHASE_STRIP = NO;
				DEBUG_INFORMATION_FORMAT = dwarf;
				ENABLE_STRICT_OBJC_MSGSEND = YES;
				ENABLE_TESTABILITY = YES;
				GCC_C_LANGUAGE_STANDARD = gnu99;
				GCC_DYNAMIC_NO_PIC = NO;
				GCC_NO_COMMON_BLOCKS = YES;
				GCC_OPTIMIZATION_LEVEL = 0;
				GCC_PREPROCESSOR_DEFINITIONS = (
					"DEBUG=1",
					"$(inherited)",
				);
				GCC_WARN_64_TO_32_BIT_CONVERSION = YES;
				GCC_WARN_ABOUT_RETURN_TYPE = YES_ERROR;
				GCC_WARN_UNDECLARED_SELECTOR = YES;
				GCC_WARN_UNINITIALIZED_AUTOS = YES_AGGRESSIVE;
				GCC_WARN_UNUSED_FUNCTION = YES;
				GCC_WARN_UNUSED_VARIABLE = YES;
				IPHONEOS_DEPLOYMENT_TARGET = 10.0;
				MTL_ENABLE_DEBUG_INFO = YES;
				ONLY_ACTIVE_ARCH = YES;
				SDKROOT = iphoneos;
				SWIFT_ACTIVE_COMPILATION_CONDITIONS = DEBUG;
				SWIFT_OPTIMIZATION_LEVEL = "-Onone";
				TARGETED_DEVICE_FAMILY = "1,2";
			};
			name = Debug;
		};
		B222F20B1DAA30330089573D /* Release */ = {
			isa = XCBuildConfiguration;
			buildSettings = {
				ALWAYS_SEARCH_USER_PATHS = NO;
				CLANG_ANALYZER_LOCALIZABILITY_NONLOCALIZED = YES;
				CLANG_ANALYZER_NONNULL = YES;
				CLANG_CXX_LANGUAGE_STANDARD = "gnu++0x";
				CLANG_CXX_LIBRARY = "libc++";
				CLANG_ENABLE_MODULES = YES;
				CLANG_ENABLE_OBJC_ARC = YES;
				CLANG_WARN_BLOCK_CAPTURE_AUTORELEASING = YES;
				CLANG_WARN_BOOL_CONVERSION = YES;
				CLANG_WARN_COMMA = YES;
				CLANG_WARN_CONSTANT_CONVERSION = YES;
				CLANG_WARN_DEPRECATED_OBJC_IMPLEMENTATIONS = YES;
				CLANG_WARN_DIRECT_OBJC_ISA_USAGE = YES_ERROR;
				CLANG_WARN_DOCUMENTATION_COMMENTS = YES;
				CLANG_WARN_EMPTY_BODY = YES;
				CLANG_WARN_ENUM_CONVERSION = YES;
				CLANG_WARN_INFINITE_RECURSION = YES;
				CLANG_WARN_INT_CONVERSION = YES;
				CLANG_WARN_NON_LITERAL_NULL_CONVERSION = YES;
				CLANG_WARN_OBJC_IMPLICIT_RETAIN_SELF = YES;
				CLANG_WARN_OBJC_LITERAL_CONVERSION = YES;
				CLANG_WARN_OBJC_ROOT_CLASS = YES_ERROR;
				CLANG_WARN_RANGE_LOOP_ANALYSIS = YES;
				CLANG_WARN_STRICT_PROTOTYPES = YES;
				CLANG_WARN_SUSPICIOUS_MOVE = YES;
				CLANG_WARN_SUSPICIOUS_MOVES = YES;
				CLANG_WARN_UNREACHABLE_CODE = YES;
				CLANG_WARN__DUPLICATE_METHOD_MATCH = YES;
				"CODE_SIGN_IDENTITY[sdk=iphoneos*]" = "iPhone Developer";
				COPY_PHASE_STRIP = NO;
				DEBUG_INFORMATION_FORMAT = "dwarf-with-dsym";
				ENABLE_NS_ASSERTIONS = NO;
				ENABLE_STRICT_OBJC_MSGSEND = YES;
				GCC_C_LANGUAGE_STANDARD = gnu99;
				GCC_NO_COMMON_BLOCKS = YES;
				GCC_WARN_64_TO_32_BIT_CONVERSION = YES;
				GCC_WARN_ABOUT_RETURN_TYPE = YES_ERROR;
				GCC_WARN_UNDECLARED_SELECTOR = YES;
				GCC_WARN_UNINITIALIZED_AUTOS = YES_AGGRESSIVE;
				GCC_WARN_UNUSED_FUNCTION = YES;
				GCC_WARN_UNUSED_VARIABLE = YES;
				IPHONEOS_DEPLOYMENT_TARGET = 10.0;
				MTL_ENABLE_DEBUG_INFO = NO;
				SDKROOT = iphoneos;
				SWIFT_OPTIMIZATION_LEVEL = "-Owholemodule";
				TARGETED_DEVICE_FAMILY = "1,2";
				VALIDATE_PRODUCT = YES;
			};
			name = Release;
		};
		B222F20D1DAA30330089573D /* Debug */ = {
			isa = XCBuildConfiguration;
			baseConfigurationReference = 9B0549197A5030604FB970C6 /* Pods-Chin_Dictionary.debug.xcconfig */;
			buildSettings = {
				ASSETCATALOG_COMPILER_APPICON_NAME = AppIcon;
				CLANG_ENABLE_MODULES = YES;
				DEVELOPMENT_TEAM = 9WTS5XC9M4;
				INFOPLIST_FILE = Chin_Dictionary/Info.plist;
				LD_RUNPATH_SEARCH_PATHS = "$(inherited) @executable_path/Frameworks";
				PRODUCT_BUNDLE_IDENTIFIER = Chin.Chin.Dictionary;
				PRODUCT_NAME = "$(TARGET_NAME)";
				SWIFT_OBJC_BRIDGING_HEADER = "Chin_Dictionary/Chin_Dictionary-Bridging-Header.h";
				SWIFT_OPTIMIZATION_LEVEL = "-Onone";
				SWIFT_VERSION = 5.0;
			};
			name = Debug;
		};
		B222F20E1DAA30330089573D /* Release */ = {
			isa = XCBuildConfiguration;
			baseConfigurationReference = 0E39A672609D6332686158B8 /* Pods-Chin_Dictionary.release.xcconfig */;
			buildSettings = {
				ASSETCATALOG_COMPILER_APPICON_NAME = AppIcon;
				CLANG_ENABLE_MODULES = YES;
				DEVELOPMENT_TEAM = 9WTS5XC9M4;
				INFOPLIST_FILE = Chin_Dictionary/Info.plist;
				LD_RUNPATH_SEARCH_PATHS = "$(inherited) @executable_path/Frameworks";
				PRODUCT_BUNDLE_IDENTIFIER = Chin.Chin.Dictionary;
				PRODUCT_NAME = "$(TARGET_NAME)";
				SWIFT_OBJC_BRIDGING_HEADER = "Chin_Dictionary/Chin_Dictionary-Bridging-Header.h";
				SWIFT_VERSION = 5.0;
			};
			name = Release;
		};
/* End XCBuildConfiguration section */

/* Begin XCConfigurationList section */
		B222F1DF1DAA30320089573D /* Build configuration list for PBXProject "Chin_Dictionary" */ = {
			isa = XCConfigurationList;
			buildConfigurations = (
				B222F20A1DAA30330089573D /* Debug */,
				B222F20B1DAA30330089573D /* Release */,
			);
			defaultConfigurationIsVisible = 0;
			defaultConfigurationName = Release;
		};
		B222F20C1DAA30330089573D /* Build configuration list for PBXNativeTarget "Chin_Dictionary" */ = {
			isa = XCConfigurationList;
			buildConfigurations = (
				B222F20D1DAA30330089573D /* Debug */,
				B222F20E1DAA30330089573D /* Release */,
			);
			defaultConfigurationIsVisible = 0;
			defaultConfigurationName = Release;
		};
/* End XCConfigurationList section */
	};
	rootObject = B222F1DC1DAA30320089573D /* Project object */;
}
